<?xml version="1.0" encoding="utf-8"?>
<Project ToolsVersion="4.0" xmlns="http://schemas.microsoft.com/developer/msbuild/2003">
  <ItemGroup>
    <Filter Include="Source Files">
      <UniqueIdentifier>{4FC737F1-C7A5-4376-A066-2A32D752A2FF}</UniqueIdentifier>
      <Extensions>cpp;c;cc;cxx;def;odl;idl;hpj;bat;asm;asmx</Extensions>
    </Filter>
    <Filter Include="Header Files">
      <UniqueIdentifier>{93995380-89BD-4b04-88EB-625FBE52EBFB}</UniqueIdentifier>
      <Extensions>h;hh;hpp;hxx;hm;inl;inc;xsd</Extensions>
    </Filter>
    <Filter Include="Resource Files">
      <UniqueIdentifier>{67DA6AB6-F800-4c08-8B7A-83BB121AAD01}</UniqueIdentifier>
      <Extensions>rc;ico;cur;bmp;dlg;rc2;rct;bin;rgs;gif;jpg;jpeg;jpe;resx;tiff;tif;png;wav;mfcribbon-ms</Extensions>
    </Filter>
  </ItemGroup>
  <ItemGroup>
    <ClCompile Include="engine\assetmanager.cpp">
      <Filter>Source Files</Filter>
    </ClCompile>
    <ClCompile Include="engine\bear.cpp">
      <Filter>Source Files</Filter>
    </ClCompile>
    <ClCompile Include="engine\camera.cpp">
      <Filter>Source Files</Filter>
    </ClCompile>
    <ClCompile Include="engine\collision.cpp">
      <Filter>Source Files</Filter>
    </ClCompile>
    <ClCompile Include="engine\defaultbehavior.cpp">
      <Filter>Source Files</Filter>
    </ClCompile>
    <ClCompile Include="engine\gamebase.cpp">
      <Filter>Source Files</Filter>
    </ClCompile>
    <ClCompile Include="engine\genericstate.cpp">
      <Filter>Source Files</Filter>
    </ClCompile>
    <ClCompile Include="engine\light.cpp">
      <Filter>Source Files</Filter>
    </ClCompile>
    <ClCompile Include="engine\parallelcollisionmanager.cpp">
      <Filter>Source Files</Filter>
    </ClCompile>
    <ClCompile Include="engine\particlecreator.cpp">
      <Filter>Source Files</Filter>
    </ClCompile>
    <ClCompile Include="engine\particles.cpp">
      <Filter>Source Files</Filter>
    </ClCompile>
    <ClCompile Include="engine\pathfind.cpp">
      <Filter>Source Files</Filter>
    </ClCompile>
    <ClCompile Include="engine\renderhelp.cpp">
      <Filter>Source Files</Filter>
    </ClCompile>
    <ClCompile Include="engine\screenmanager.cpp">
      <Filter>Source Files</Filter>
    </ClCompile>
    <ClCompile Include="engine\shadermanager.cpp">
      <Filter>Source Files</Filter>
    </ClCompile>
    <ClCompile Include="engine\shooteffect.cpp">
      <Filter>Source Files</Filter>
    </ClCompile>
    <ClCompile Include="engine\smarttexture.cpp">
      <Filter>Source Files</Filter>
    </ClCompile>
    <ClCompile Include="engine\smarttexturemanager.cpp">
      <Filter>Source Files</Filter>
    </ClCompile>
    <ClCompile Include="engine\smarttileset.cpp">
      <Filter>Source Files</Filter>
    </ClCompile>
    <ClCompile Include="engine\sprite.cpp">
      <Filter>Source Files</Filter>
    </ClCompile>
    <ClCompile Include="engine\text.cpp">
      <Filter>Source Files</Filter>
    </ClCompile>
    <ClCompile Include="engine\tilemap.cpp">
      <Filter>Source Files</Filter>
    </ClCompile>
    <ClCompile Include="engine\tileset.cpp">
      <Filter>Source Files</Filter>
    </ClCompile>
    <ClCompile Include="engine\timer.cpp">
      <Filter>Source Files</Filter>
    </ClCompile>
    <ClCompile Include="framework\chainptr.cpp">
      <Filter>Source Files</Filter>
    </ClCompile>
    <ClCompile Include="framework\debughelper.cpp">
      <Filter>Source Files</Filter>
    </ClCompile>
    <ClCompile Include="framework\dirmanager.cpp">
      <Filter>Source Files</Filter>
    </ClCompile>
    <ClCompile Include="framework\gamefile.cpp">
      <Filter>Source Files</Filter>
    </ClCompile>
    <ClCompile Include="framework\geometry.cpp">
      <Filter>Source Files</Filter>
    </ClCompile>
    <ClCompile Include="framework\poolmanager.cpp">
      <Filter>Source Files</Filter>
    </ClCompile>
    <ClCompile Include="framework\resourcefiles.cpp">
      <Filter>Source Files</Filter>
    </ClCompile>
    <ClCompile Include="framework\resourcemanager.cpp">
      <Filter>Source Files</Filter>
    </ClCompile>
    <ClCompile Include="framework\schedule.cpp">
      <Filter>Source Files</Filter>
    </ClCompile>
    <ClCompile Include="framework\threadpool.cpp">
      <Filter>Source Files</Filter>
    </ClCompile>
    <ClCompile Include="framework\typechecker.cpp">
      <Filter>Source Files</Filter>
    </ClCompile>
    <ClCompile Include="framework\userfile.cpp">
      <Filter>Source Files</Filter>
    </ClCompile>
    <ClCompile Include="framework\utils.cpp">
      <Filter>Source Files</Filter>
    </ClCompile>
    <ClCompile Include="framework\xml.cpp">
      <Filter>Source Files</Filter>
    </ClCompile>
    <ClCompile Include="game\gamebehavior.cpp">
      <Filter>Source Files</Filter>
    </ClCompile>
    <ClCompile Include="game\title.cpp">
      <Filter>Source Files</Filter>
    </ClCompile>
    <ClCompile Include="input\accelerometer.cpp">
      <Filter>Source Files</Filter>
    </ClCompile>
    <ClCompile Include="input\beinput.cpp">
      <Filter>Source Files</Filter>
    </ClCompile>
    <ClCompile Include="input\inputmanager.cpp">
      <Filter>Source Files</Filter>
    </ClCompile>
    <ClCompile Include="input\joystick.cpp">
      <Filter>Source Files</Filter>
    </ClCompile>
    <ClCompile Include="input\keyboard.cpp">
      <Filter>Source Files</Filter>
    </ClCompile>
    <ClCompile Include="input\mouse.cpp">
      <Filter>Source Files</Filter>
    </ClCompile>
    <ClCompile Include="input\touch.cpp">
      <Filter>Source Files</Filter>
    </ClCompile>
    <ClCompile Include="input\touchkeys.cpp">
      <Filter>Source Files</Filter>
    </ClCompile>
    <ClCompile Include="luasystem\luacaller.cpp">
      <Filter>Source Files</Filter>
    </ClCompile>
    <ClCompile Include="luasystem\luagamestate.cpp">
      <Filter>Source Files</Filter>
    </ClCompile>
    <ClCompile Include="luasystem\luainterface.cpp">
      <Filter>Source Files</Filter>
    </ClCompile>
    <ClCompile Include="luasystem\luaobject.cpp">
      <Filter>Source Files</Filter>
    </ClCompile>
    <ClCompile Include="luasystem\luatools.cpp">
      <Filter>Source Files</Filter>
    </ClCompile>
    <ClCompile Include="luasystem\luaui.cpp">
      <Filter>Source Files</Filter>
    </ClCompile>
    <ClCompile Include="performance\console.cpp">
      <Filter>Source Files</Filter>
    </ClCompile>
    <ClCompile Include="performance\graph.cpp">
      <Filter>Source Files</Filter>
    </ClCompile>
    <ClCompile Include="performance\linegrap.cpp">
      <Filter>Source Files</Filter>
    </ClCompile>
    <ClCompile Include="settings\configmanager.cpp">
      <Filter>Source Files</Filter>
    </ClCompile>
    <ClCompile Include="sound\sound.cpp">
      <Filter>Source Files</Filter>
    </ClCompile>
    <ClCompile Include="sound\soundloader.cpp">
      <Filter>Source Files</Filter>
    </ClCompile>
    <ClCompile Include="sound\soundsources.cpp">
      <Filter>Source Files</Filter>
    </ClCompile>
    <ClCompile Include="tests\testthread.cpp">
      <Filter>Source Files</Filter>
    </ClCompile>
    <ClCompile Include="ui\base.cpp">
      <Filter>Source Files</Filter>
    </ClCompile>
    <ClCompile Include="ui\button.cpp">
      <Filter>Source Files</Filter>
    </ClCompile>
    <ClCompile Include="ui\checkbox.cpp">
      <Filter>Source Files</Filter>
    </ClCompile>
    <ClCompile Include="ui\gettextwindow.cpp">
      <Filter>Source Files</Filter>
    </ClCompile>
    <ClCompile Include="ui\label.cpp">
      <Filter>Source Files</Filter>
    </ClCompile>
    <ClCompile Include="ui\numberinput.cpp">
      <Filter>Source Files</Filter>
    </ClCompile>
    <ClCompile Include="ui\selectionwindow.cpp">
      <Filter>Source Files</Filter>
    </ClCompile>
    <ClCompile Include="ui\textinput.cpp">
      <Filter>Source Files</Filter>
    </ClCompile>
    <ClCompile Include="ui\window.cpp">
      <Filter>Source Files</Filter>
    </ClCompile>
    <ClCompile Include="main.cpp">
      <Filter>Source Files</Filter>
    </ClCompile>
  </ItemGroup>
  <ItemGroup>
    <ClInclude Include="engine\assetmanager.hpp">
      <Filter>Header Files</Filter>
    </ClInclude>
    <ClInclude Include="engine\bear.hpp">
      <Filter>Header Files</Filter>
    </ClInclude>
    <ClInclude Include="engine\behavior.hpp">
      <Filter>Header Files</Filter>
    </ClInclude>
    <ClInclude Include="engine\camera.hpp">
      <Filter>Header Files</Filter>
    </ClInclude>
    <ClInclude Include="engine\collision.hpp">
      <Filter>Header Files</Filter>
    </ClInclude>
    <ClInclude Include="engine\defaultbehavior.hpp">
      <Filter>Header Files</Filter>
    </ClInclude>
    <ClInclude Include="engine\gamebase.hpp">
      <Filter>Header Files</Filter>
    </ClInclude>
    <ClInclude Include="engine\genericstate.hpp">
      <Filter>Header Files</Filter>
    </ClInclude>
    <ClInclude Include="engine\light.hpp">
      <Filter>Header Files</Filter>
    </ClInclude>
    <ClInclude Include="engine\object.hpp">
      <Filter>Header Files</Filter>
    </ClInclude>
    <ClInclude Include="engine\parallelcollisionmanager.hpp">
      <Filter>Header Files</Filter>
    </ClInclude>
    <ClInclude Include="engine\particlecreator.hpp">
      <Filter>Header Files</Filter>
    </ClInclude>
    <ClInclude Include="engine\particles.hpp">
      <Filter>Header Files</Filter>
    </ClInclude>
    <ClInclude Include="engine\pathfind.hpp">
      <Filter>Header Files</Filter>
    </ClInclude>
    <ClInclude Include="engine\renderhelp.hpp">
      <Filter>Header Files</Filter>
    </ClInclude>
    <ClInclude Include="engine\screenmanager.hpp">
      <Filter>Header Files</Filter>
    </ClInclude>
    <ClInclude Include="engine\shadermanager.hpp">
      <Filter>Header Files</Filter>
    </ClInclude>
    <ClInclude Include="engine\shooteffect.hpp">
      <Filter>Header Files</Filter>
    </ClInclude>
    <ClInclude Include="engine\smarttexture.hpp">
      <Filter>Header Files</Filter>
    </ClInclude>
    <ClInclude Include="engine\smarttexturemanager.hpp">
      <Filter>Header Files</Filter>
    </ClInclude>
    <ClInclude Include="engine\smarttileset.hpp">
      <Filter>Header Files</Filter>
    </ClInclude>
    <ClInclude Include="engine\sprite.hpp">
      <Filter>Header Files</Filter>
    </ClInclude>
    <ClInclude Include="engine\text.hpp">
      <Filter>Header Files</Filter>
    </ClInclude>
    <ClInclude Include="engine\tilemap.hpp">
      <Filter>Header Files</Filter>
    </ClInclude>
    <ClInclude Include="engine\tileset.hpp">
      <Filter>Header Files</Filter>
    </ClInclude>
    <ClInclude Include="engine\timer.hpp">
      <Filter>Header Files</Filter>
    </ClInclude>
    <ClInclude Include="framework\basepool.hpp">
      <Filter>Header Files</Filter>
    </ClInclude>
    <ClInclude Include="framework\chainptr.hpp">
      <Filter>Header Files</Filter>
    </ClInclude>
    <ClInclude Include="framework\debughelper.hpp">
      <Filter>Header Files</Filter>
    </ClInclude>
    <ClInclude Include="framework\dirmanager.hpp">
      <Filter>Header Files</Filter>
    </ClInclude>
    <ClInclude Include="framework\gamefile.hpp">
      <Filter>Header Files</Filter>
    </ClInclude>
    <ClInclude Include="framework\geometry.hpp">
      <Filter>Header Files</Filter>
    </ClInclude>
    <ClInclude Include="framework\lcokfreequeue.hpp">
      <Filter>Header Files</Filter>
    </ClInclude>
    <ClInclude Include="framework\poolmanager.hpp">
      <Filter>Header Files</Filter>
    </ClInclude>
    <ClInclude Include="framework\resourcefiles.hpp">
      <Filter>Header Files</Filter>
    </ClInclude>
    <ClInclude Include="framework\resourcemanager.hpp">
      <Filter>Header Files</Filter>
    </ClInclude>
    <ClInclude Include="framework\schedule.hpp">
      <Filter>Header Files</Filter>
    </ClInclude>
    <ClInclude Include="framework\threadpool.hpp">
      <Filter>Header Files</Filter>
    </ClInclude>
    <ClInclude Include="framework\typechecker.hpp">
      <Filter>Header Files</Filter>
    </ClInclude>
    <ClInclude Include="framework\userfile.hpp">
      <Filter>Header Files</Filter>
    </ClInclude>
    <ClInclude Include="framework\utils.hpp">
      <Filter>Header Files</Filter>
    </ClInclude>
    <ClInclude Include="framework\xml.hpp">
      <Filter>Header Files</Filter>
    </ClInclude>
    <ClInclude Include="game\gamebehavior.hpp">
      <Filter>Header Files</Filter>
    </ClInclude>
    <ClInclude Include="game\state.hpp">
      <Filter>Header Files</Filter>
    </ClInclude>
    <ClInclude Include="game\title.hpp">
      <Filter>Header Files</Filter>
    </ClInclude>
    <ClInclude Include="image\stb_image.h">
      <Filter>Header Files</Filter>
    </ClInclude>
    <ClInclude Include="input\accelerometer.hpp">
      <Filter>Header Files</Filter>
    </ClInclude>
    <ClInclude Include="input\beinput.hpp">
      <Filter>Header Files</Filter>
    </ClInclude>
    <ClInclude Include="input\inputdefinitions.hpp">
      <Filter>Header Files</Filter>
    </ClInclude>
    <ClInclude Include="input\inputmanager.hpp">
      <Filter>Header Files</Filter>
    </ClInclude>
    <ClInclude Include="input\joystick.hpp">
      <Filter>Header Files</Filter>
    </ClInclude>
    <ClInclude Include="input\keyboard.hpp">
      <Filter>Header Files</Filter>
    </ClInclude>
    <ClInclude Include="input\mouse.hpp">
      <Filter>Header Files</Filter>
    </ClInclude>
    <ClInclude Include="input\touch.hpp">
      <Filter>Header Files</Filter>
    </ClInclude>
    <ClInclude Include="input\touchkeys.hpp">
      <Filter>Header Files</Filter>
    </ClInclude>
    <ClInclude Include="luasystem\luacaller.hpp">
      <Filter>Header Files</Filter>
    </ClInclude>
    <ClInclude Include="luasystem\luagamestate.hpp">
      <Filter>Header Files</Filter>
    </ClInclude>
    <ClInclude Include="luasystem\luainterface.hpp">
      <Filter>Header Files</Filter>
    </ClInclude>
    <ClInclude Include="luasystem\luaobject.hpp">
      <Filter>Header Files</Filter>
    </ClInclude>
    <ClInclude Include="luasystem\luatools.hpp">
      <Filter>Header Files</Filter>
    </ClInclude>
    <ClInclude Include="luasystem\luatypewrapper.hpp">
      <Filter>Header Files</Filter>
    </ClInclude>
    <ClInclude Include="luasystem\luaui.hpp">
      <Filter>Header Files</Filter>
    </ClInclude>
    <ClInclude Include="performance\console.hpp">
      <Filter>Header Files</Filter>
    </ClInclude>
    <ClInclude Include="performance\graph.hpp">
      <Filter>Header Files</Filter>
    </ClInclude>
    <ClInclude Include="performance\linegrap.hpp">
      <Filter>Header Files</Filter>
    </ClInclude>
    <ClInclude Include="settings\configmanager.hpp">
      <Filter>Header Files</Filter>
    </ClInclude>
    <ClInclude Include="settings\definitions.hpp">
      <Filter>Header Files</Filter>
    </ClInclude>
    <ClInclude Include="sound\sound.hpp">
      <Filter>Header Files</Filter>
    </ClInclude>
    <ClInclude Include="sound\sounddef.hpp">
      <Filter>Header Files</Filter>
    </ClInclude>
    <ClInclude Include="sound\soundloader.hpp">
      <Filter>Header Files</Filter>
    </ClInclude>
    <ClInclude Include="sound\soundsources.hpp">
      <Filter>Header Files</Filter>
    </ClInclude>
    <ClInclude Include="tests\testblank.hpp">
      <Filter>Header Files</Filter>
    </ClInclude>
    <ClInclude Include="tests\testfiles.hpp">
      <Filter>Header Files</Filter>
    </ClInclude>
    <ClInclude Include="tests\testjoystick.hpp">
      <Filter>Header Files</Filter>
    </ClInclude>
    <ClInclude Include="tests\testlight.hpp">
      <Filter>Header Files</Filter>
    </ClInclude>
    <ClInclude Include="tests\testlua.hpp">
      <Filter>Header Files</Filter>
    </ClInclude>
    <ClInclude Include="tests\testobject.hpp">
      <Filter>Header Files</Filter>
    </ClInclude>
    <ClInclude Include="tests\testpathfind.hpp">
      <Filter>Header Files</Filter>
    </ClInclude>
    <ClInclude Include="tests\testpool.hpp">
      <Filter>Header Files</Filter>
    </ClInclude>
    <ClInclude Include="tests\testshapes.hpp">
      <Filter>Header Files</Filter>
    </ClInclude>
    <ClInclude Include="tests\testsprite.hpp">
      <Filter>Header Files</Filter>
    </ClInclude>
    <ClInclude Include="tests\testtargettexture.hpp">
      <Filter>Header Files</Filter>
    </ClInclude>
    <ClInclude Include="tests\testtext.hpp">
      <Filter>Header Files</Filter>
    </ClInclude>
    <ClInclude Include="tests\testthread.hpp">
      <Filter>Header Files</Filter>
    </ClInclude>
    <ClInclude Include="ui\base.hpp">
      <Filter>Header Files</Filter>
    </ClInclude>
    <ClInclude Include="ui\button.hpp">
      <Filter>Header Files</Filter>
    </ClInclude>
    <ClInclude Include="ui\checkbox.hpp">
      <Filter>Header Files</Filter>
    </ClInclude>
    <ClInclude Include="ui\gettextwindow.hpp">
      <Filter>Header Files</Filter>
    </ClInclude>
    <ClInclude Include="ui\label.hpp">
      <Filter>Header Files</Filter>
    </ClInclude>
    <ClInclude Include="ui\numberinput.hpp">
      <Filter>Header Files</Filter>
    </ClInclude>
    <ClInclude Include="ui\selectionwindow.hpp">
      <Filter>Header Files</Filter>
    </ClInclude>
    <ClInclude Include="ui\textinput.hpp">
      <Filter>Header Files</Filter>
    </ClInclude>
    <ClInclude Include="ui\window.hpp">
      <Filter>Header Files</Filter>
    </ClInclude>
  </ItemGroup>
</Project>